{
  "version": "2",
  "remote": {
    "https://deno.land/std@0.159.0/_util/assert.ts": "e94f2eb37cebd7f199952e242c77654e43333c1ac4c5c700e929ea3aa5489f74",
    "https://deno.land/std@0.159.0/_util/os.ts": "8a33345f74990e627b9dfe2de9b040004b08ea5146c7c9e8fe9a29070d193934",
    "https://deno.land/std@0.159.0/fmt/colors.ts": "ff7dc9c9f33a72bd48bc24b21bbc1b4545d8494a431f17894dbc5fe92a938fc4",
    "https://deno.land/std@0.159.0/fs/_util.ts": "fdc156f897197f261a1c096dcf8ff9267ed0ff42bd5b31f55053a4763a4bae3b",
    "https://deno.land/std@0.159.0/fs/copy.ts": "73bdf24f4322648d9bc38ef983b818637ba368351d17aa03644209d3ce3eac31",
    "https://deno.land/std@0.159.0/fs/empty_dir.ts": "c15a0aaaf40f8c21cca902aa1e01a789ad0c2fd1b7e2eecf4957053c5dbf707f",
    "https://deno.land/std@0.159.0/fs/ensure_dir.ts": "76395fc1c989ca8d2de3aedfa8240eb8f5225cde20f926de957995b063135b80",
    "https://deno.land/std@0.159.0/fs/ensure_file.ts": "b8e32ea63aa21221d0219760ba3f741f682d7f7d68d0d24a3ec067c338568152",
    "https://deno.land/std@0.159.0/fs/ensure_link.ts": "5cc1c04f18487d7d1edf4c5469705f30b61390ffd24ad7db6df85e7209b32bb2",
    "https://deno.land/std@0.159.0/fs/ensure_symlink.ts": "5273557b8c50be69477aa9cb003b54ff2240a336db52a40851c97abce76b96ab",
    "https://deno.land/std@0.159.0/fs/eol.ts": "b92f0b88036de507e7e6fbedbe8f666835ea9dcbf5ac85917fa1fadc919f83a5",
    "https://deno.land/std@0.159.0/fs/exists.ts": "6a447912e49eb79cc640adacfbf4b0baf8e17ede6d5bed057062ce33c4fa0d68",
    "https://deno.land/std@0.159.0/fs/expand_glob.ts": "333a8b9b0726b6909e5af30fb99c68e5b0e734d37af8cbc2ad1f062f26ca4d50",
    "https://deno.land/std@0.159.0/fs/mod.ts": "354a6f972ef4e00c4dd1f1339a8828ef0764c1c23d3c0010af3fcc025d8655b0",
    "https://deno.land/std@0.159.0/fs/move.ts": "6d7fa9da60dbc7a32dd7fdbc2ff812b745861213c8e92ba96dace0669b0c378c",
    "https://deno.land/std@0.159.0/fs/walk.ts": "d6c73a2a2fb5fde60150ce27cff3fff420e72e5bb84131b4919c9a41d74712ce",
    "https://deno.land/std@0.159.0/path/_constants.ts": "df1db3ffa6dd6d1252cc9617e5d72165cd2483df90e93833e13580687b6083c3",
    "https://deno.land/std@0.159.0/path/_interface.ts": "ee3b431a336b80cf445441109d089b70d87d5e248f4f90ff906820889ecf8d09",
    "https://deno.land/std@0.159.0/path/_util.ts": "d16be2a16e1204b65f9d0dfc54a9bc472cafe5f4a190b3c8471ec2016ccd1677",
    "https://deno.land/std@0.159.0/path/common.ts": "bee563630abd2d97f99d83c96c2fa0cca7cee103e8cb4e7699ec4d5db7bd2633",
    "https://deno.land/std@0.159.0/path/glob.ts": "cb5255638de1048973c3e69e420c77dc04f75755524cb3b2e160fe9277d939ee",
    "https://deno.land/std@0.159.0/path/mod.ts": "56fec03ad0ebd61b6ab39ddb9b0ddb4c4a5c9f2f4f632e09dd37ec9ebfd722ac",
    "https://deno.land/std@0.159.0/path/posix.ts": "c1f7afe274290ea0b51da07ee205653b2964bd74909a82deb07b69a6cc383aaa",
    "https://deno.land/std@0.159.0/path/separator.ts": "fe1816cb765a8068afb3e8f13ad272351c85cbc739af56dacfc7d93d710fe0f9",
    "https://deno.land/std@0.159.0/path/win32.ts": "bd7549042e37879c68ff2f8576a25950abbfca1d696d41d82c7bca0b7e6f452c",
    "https://deno.land/std@0.159.0/testing/_diff.ts": "a23e7fc2b4d8daa3e158fa06856bedf5334ce2a2831e8bf9e509717f455adb2c",
    "https://deno.land/std@0.159.0/testing/_format.ts": "cd11136e1797791045e639e9f0f4640d5b4166148796cad37e6ef75f7d7f3832",
    "https://deno.land/std@0.159.0/testing/asserts.ts": "9ff3259f6cdc2908af478f9340f4e470d23234324bd33e7f74c683a00ed4d211",
    "https://deno.land/std@0.159.0/testing/snapshot.ts": "d0f5680ccddf76c8505c981cbe4a43df14b04d3df0e27c351dd6e17ee926c166",
    "https://deno.land/x/oidlib@v0.0.5/mod.ts": "5a684b460a621869fd0189aaa7eae9acde21cc7022b1ce78f19b81932846d4bf",
    "https://deno.land/x/oidlib@v0.0.5/src/2d/Box.ts": "7a968e0e81f1325ff99644eaf174ec2674c8179b054af67ac71f29e3350d2ca7",
    "https://deno.land/x/oidlib@v0.0.5/src/2d/XY.ts": "11f47292e85ac788f2292dcb9e7188d34529d9d2290854767787af245386393e",
    "https://deno.land/x/oidlib@v0.0.5/src/math/Random.ts": "5ae8bf68c2c3e559012f6ffe5ad5236c0a0384a4d7ac1d9521fea7e571e7e381",
    "https://deno.land/x/oidlib@v0.0.5/src/time/Millis.ts": "a2951e52c8d55e1f61f4a1f607cb9837fa4a2fd710756e71558b0877f2be26ab",
    "https://deno.land/x/oidlib@v0.0.5/src/types/Immutable.ts": "f4b29dc4beded9237019ec9a5611d91e67a2f351c7639499f7e99784224a67b3",
    "https://deno.land/x/oidlib@v0.0.5/src/types/Inverse.ts": "df7212f427169e106eef2275661754c0a9ebf357c125a3226112e11a6055928f",
    "https://deno.land/x/oidlib@v0.0.5/src/types/JSON.ts": "c8ecd3aa3ba5c53f0e688ed72338642eca2593c778faa9cf6d6a98c9b71084b0",
    "https://deno.land/x/oidlib@v0.0.5/src/types/NonNull.ts": "9b1b157862d362eab029989135f1a057269f8137c7ab98578ce831b2bf80d2d8",
    "https://deno.land/x/oidlib@v0.0.5/src/types/Num.ts": "4cd07442244057370e46357d4423914c97831f543eccabbb7e0340b3167df662",
    "https://deno.land/x/oidlib@v0.0.5/src/types/Opt.ts": "9da85a137728e6a83d85c98abd3e1bedf5329b820dbb8d44432dc6a36ae940ef",
    "https://deno.land/x/oidlib@v0.0.5/src/utils/ArrayUtil.ts": "52aab1ac32c23190399d65062f2bac5a462d506006f4b969755bd95fe3aafaad",
    "https://deno.land/x/oidlib@v0.0.5/src/utils/Color.ts": "beb7c5ac5a55c54fde56a7efbc1e7059f3fb0e499c0dd082397661f15488d399",
    "https://deno.land/x/oidlib@v0.0.5/src/utils/NumUtil.ts": "29adc31635e9efa34c8bb2523e8329fd18e0bba27fd95e11592b2e1dddf7c6ef",
    "https://deno.land/x/oidlib@v0.0.5/src/utils/Obj.ts": "3e5ccd55be04520431b204cc251b41cdc33b0b158dc69431324aef050621d4d7",
    "https://deno.land/x/oidlib@v0.0.5/src/utils/Str.ts": "9db20c007a3ff790a365746ba5fde3157393cf5ed1427f33a28957b57cfbb8d8",
    "https://deno.land/x/oidlib@v0.0.5/src/utils/assert.ts": "fc7690957e345efa06629603a03da25a65810ce17db94e23b6c0279d23e6cc06"
  }
}
